
Microsoft Visual Studio Solution File, Format Version 12.00
# Visual Studio 15
VisualStudioVersion = 15.0.27428.2027
MinimumVisualStudioVersion = 10.0.40219.1
Project("{FAE04EC0-301F-11D3-BF4B-00C04F79EFBC}") = "RegexNumber", "RegexNumber\RegexNumber.csproj", "{AF059B5D-6D15-4B49-9C6D-F7C8AA9A2287}"
EndProject
Global
	GlobalSection(SolutionConfigurationPlatforms) = preSolution
		Debug|Any CPU = Debug|Any CPU
		Release|Any CPU = Release|Any CPU
	EndGlobalSection
	GlobalSection(ProjectConfigurationPlatforms) = postSolution
		{AF059B5D-6D15-4B49-9C6D-F7C8AA9A2287}.Debug|Any CPU.ActiveCfg = Debug|Any CPU
		{AF059B5D-6D15-4B49-9C6D-F7C8AA9A2287}.Debug|Any CPU.Build.0 = Debug|Any CPU
		{AF059B5D-6D15-4B49-9C6D-F7C8AA9A2287}.Release|Any CPU.ActiveCfg = Release|Any CPU
		{AF059B5D-6D15-4B49-9C6D-F7C8AA9A2287}.Release|Any CPU.Build.0 = Release|Any CPU
	EndGlobalSection
	GlobalSection(SolutionProperties) = preSolution
		HideSolutionNode = FALSE
	EndGlobalSection
	GlobalSection(ExtensibilityGlobals) = postSolution
		SolutionGuid = {3D1BDF08-4537-4A64-8986-A2AB30932FB6}
	EndGlobalSection
EndGlobal
