
Microsoft Visual Studio Solution File, Format Version 12.00
# Visual Studio Version 17
VisualStudioVersion = 17.0.31919.166
MinimumVisualStudioVersion = 10.0.40219.1
Project("{FAE04EC0-301F-11D3-BF4B-00C04F79EFBC}") = "LittleTestes", "LittleTestes\LittleTestes.csproj", "{275211FE-3D4B-4CA5-9840-0AE7F3EDA61E}"
EndProject
Global
	GlobalSection(SolutionConfigurationPlatforms) = preSolution
		Debug|Any CPU = Debug|Any CPU
		Release|Any CPU = Release|Any CPU
	EndGlobalSection
	GlobalSection(ProjectConfigurationPlatforms) = postSolution
		{275211FE-3D4B-4CA5-9840-0AE7F3EDA61E}.Debug|Any CPU.ActiveCfg = Debug|Any CPU
		{275211FE-3D4B-4CA5-9840-0AE7F3EDA61E}.Debug|Any CPU.Build.0 = Debug|Any CPU
		{275211FE-3D4B-4CA5-9840-0AE7F3EDA61E}.Release|Any CPU.ActiveCfg = Release|Any CPU
		{275211FE-3D4B-4CA5-9840-0AE7F3EDA61E}.Release|Any CPU.Build.0 = Release|Any CPU
	EndGlobalSection
	GlobalSection(SolutionProperties) = preSolution
		HideSolutionNode = FALSE
	EndGlobalSection
	GlobalSection(ExtensibilityGlobals) = postSolution
		SolutionGuid = {0946037E-E2BC-407C-A24C-A41B85D84455}
	EndGlobalSection
EndGlobal
